
Microsoft Visual Studio Solution File, Format Version 12.00
# Visual Studio 15
Project("{FAE04EC0-301F-11D3-BF4B-00C04F79EFBC}") = "NavMeshComponents", "NavMeshComponents.csproj", "{93DA07B5-976A-0016-65E1-3506187354E2}"
EndProject
Project("{FAE04EC0-301F-11D3-BF4B-00C04F79EFBC}") = "Assembly-CSharp", "Assembly-CSharp.csproj", "{21A119DA-8470-19D1-8A4B-8CEED3EEE516}"
EndProject
Project("{FAE04EC0-301F-11D3-BF4B-00C04F79EFBC}") = "NavMeshComponentsEditor", "NavMeshComponentsEditor.csproj", "{ED226C66-FB89-5B08-0696-B9293431D834}"
EndProject
Global
	GlobalSection(SolutionConfigurationPlatforms) = preSolution
		Debug|Any CPU = Debug|Any CPU
		Release|Any CPU = Release|Any CPU
	EndGlobalSection
	GlobalSection(ProjectConfigurationPlatforms) = postSolution
		{93DA07B5-976A-0016-65E1-3506187354E2}.Debug|Any CPU.ActiveCfg = Debug|Any CPU
		{93DA07B5-976A-0016-65E1-3506187354E2}.Debug|Any CPU.Build.0 = Debug|Any CPU
		{93DA07B5-976A-0016-65E1-3506187354E2}.Release|Any CPU.ActiveCfg = Release|Any CPU
		{93DA07B5-976A-0016-65E1-3506187354E2}.Release|Any CPU.Build.0 = Release|Any CPU
		{21A119DA-8470-19D1-8A4B-8CEED3EEE516}.Debug|Any CPU.ActiveCfg = Debug|Any CPU
		{21A119DA-8470-19D1-8A4B-8CEED3EEE516}.Debug|Any CPU.Build.0 = Debug|Any CPU
		{21A119DA-8470-19D1-8A4B-8CEED3EEE516}.Release|Any CPU.ActiveCfg = Release|Any CPU
		{21A119DA-8470-19D1-8A4B-8CEED3EEE516}.Release|Any CPU.Build.0 = Release|Any CPU
		{ED226C66-FB89-5B08-0696-B9293431D834}.Debug|Any CPU.ActiveCfg = Debug|Any CPU
		{ED226C66-FB89-5B08-0696-B9293431D834}.Debug|Any CPU.Build.0 = Debug|Any CPU
		{ED226C66-FB89-5B08-0696-B9293431D834}.Release|Any CPU.ActiveCfg = Release|Any CPU
		{ED226C66-FB89-5B08-0696-B9293431D834}.Release|Any CPU.Build.0 = Release|Any CPU
	EndGlobalSection
	GlobalSection(SolutionProperties) = preSolution
		HideSolutionNode = FALSE
	EndGlobalSection
EndGlobal
